
Microsoft Visual Studio Solution File, Format Version 12.00
# Visual Studio Version 16
VisualStudioVersion = 16.0.29324.140
MinimumVisualStudioVersion = 10.0.40219.1
Project("{9A19103F-16F7-4668-BE54-9A1E7A4F7556}") = "wordpress-to-orchardcore", "wordpress-to-orchardcore\wordpress-to-orchardcore.csproj", "{BE6FA368-5945-42A4-A644-25D684C45550}"
EndProject
Project("{FAE04EC0-301F-11D3-BF4B-00C04F79EFBC}") = "DannyT.OrchardCoreMigrator", "DannyT.OrchardCoreMigrator\DannyT.OrchardCoreMigrator.csproj", "{41D16BDA-576A-4157-A58A-4C14E383B4CE}"
EndProject
Global
	GlobalSection(SolutionConfigurationPlatforms) = preSolution
		Debug|Any CPU = Debug|Any CPU
		Release|Any CPU = Release|Any CPU
	EndGlobalSection
	GlobalSection(ProjectConfigurationPlatforms) = postSolution
		{BE6FA368-5945-42A4-A644-25D684C45550}.Debug|Any CPU.ActiveCfg = Debug|Any CPU
		{BE6FA368-5945-42A4-A644-25D684C45550}.Debug|Any CPU.Build.0 = Debug|Any CPU
		{BE6FA368-5945-42A4-A644-25D684C45550}.Release|Any CPU.ActiveCfg = Release|Any CPU
		{BE6FA368-5945-42A4-A644-25D684C45550}.Release|Any CPU.Build.0 = Release|Any CPU
		{41D16BDA-576A-4157-A58A-4C14E383B4CE}.Debug|Any CPU.ActiveCfg = Debug|Any CPU
		{41D16BDA-576A-4157-A58A-4C14E383B4CE}.Debug|Any CPU.Build.0 = Debug|Any CPU
		{41D16BDA-576A-4157-A58A-4C14E383B4CE}.Release|Any CPU.ActiveCfg = Release|Any CPU
		{41D16BDA-576A-4157-A58A-4C14E383B4CE}.Release|Any CPU.Build.0 = Release|Any CPU
	EndGlobalSection
	GlobalSection(SolutionProperties) = preSolution
		HideSolutionNode = FALSE
	EndGlobalSection
	GlobalSection(ExtensibilityGlobals) = postSolution
		SolutionGuid = {28125F98-014D-46E4-81F0-464C63F809BD}
	EndGlobalSection
EndGlobal
